
Microsoft Visual Studio Solution File, Format Version 12.00
# Visual Studio 15
VisualStudioVersion = 15.0.26228.9
MinimumVisualStudioVersion = 10.0.40219.1
Project("{FAE04EC0-301F-11D3-BF4B-00C04F79EFBC}") = "Recorder", "Recorder\Recorder.csproj", "{CF5E3775-25C4-460D-AD4B-7EEB218D0356}"
EndProject
Project("{FAE04EC0-301F-11D3-BF4B-00C04F79EFBC}") = "VoiceRecorder", "VoiceRecorder\VoiceRecorder.csproj", "{F638CDAB-41E3-46FC-806D-DA6BFABC4883}"
EndProject
Global
	GlobalSection(SolutionConfigurationPlatforms) = preSolution
		Debug|Any CPU = Debug|Any CPU
		Release|Any CPU = Release|Any CPU
	EndGlobalSection
	GlobalSection(ProjectConfigurationPlatforms) = postSolution
		{CF5E3775-25C4-460D-AD4B-7EEB218D0356}.Debug|Any CPU.ActiveCfg = Debug|Any CPU
		{CF5E3775-25C4-460D-AD4B-7EEB218D0356}.Debug|Any CPU.Build.0 = Debug|Any CPU
		{CF5E3775-25C4-460D-AD4B-7EEB218D0356}.Release|Any CPU.ActiveCfg = Release|Any CPU
		{CF5E3775-25C4-460D-AD4B-7EEB218D0356}.Release|Any CPU.Build.0 = Release|Any CPU
		{F638CDAB-41E3-46FC-806D-DA6BFABC4883}.Debug|Any CPU.ActiveCfg = Debug|Any CPU
		{F638CDAB-41E3-46FC-806D-DA6BFABC4883}.Debug|Any CPU.Build.0 = Debug|Any CPU
		{F638CDAB-41E3-46FC-806D-DA6BFABC4883}.Release|Any CPU.ActiveCfg = Release|Any CPU
		{F638CDAB-41E3-46FC-806D-DA6BFABC4883}.Release|Any CPU.Build.0 = Release|Any CPU
	EndGlobalSection
	GlobalSection(SolutionProperties) = preSolution
		HideSolutionNode = FALSE
	EndGlobalSection
EndGlobal
